
Microsoft Visual Studio Solution File, Format Version 12.00
# Visual Studio Version 17
VisualStudioVersion = 17.7.34031.279
MinimumVisualStudioVersion = 10.0.40219.1
Project("{9A19103F-16F7-4668-BE54-9A1E7A4F7556}") = "list", "list\list.csproj", "{31F387DB-97C9-47C3-8753-31A467DD4896}"
EndProject
Global
	GlobalSection(SolutionConfigurationPlatforms) = preSolution
		Debug|Any CPU = Debug|Any CPU
		Release|Any CPU = Release|Any CPU
	EndGlobalSection
	GlobalSection(ProjectConfigurationPlatforms) = postSolution
		{31F387DB-97C9-47C3-8753-31A467DD4896}.Debug|Any CPU.ActiveCfg = Debug|Any CPU
		{31F387DB-97C9-47C3-8753-31A467DD4896}.Debug|Any CPU.Build.0 = Debug|Any CPU
		{31F387DB-97C9-47C3-8753-31A467DD4896}.Release|Any CPU.ActiveCfg = Release|Any CPU
		{31F387DB-97C9-47C3-8753-31A467DD4896}.Release|Any CPU.Build.0 = Release|Any CPU
	EndGlobalSection
	GlobalSection(SolutionProperties) = preSolution
		HideSolutionNode = FALSE
	EndGlobalSection
	GlobalSection(ExtensibilityGlobals) = postSolution
		SolutionGuid = {1A51999C-97EB-488C-8D03-4F9CBBADA8B1}
	EndGlobalSection
EndGlobal
