
Microsoft Visual Studio Solution File, Format Version 12.00
# Visual Studio Version 17
VisualStudioVersion = 17.7.34031.279
MinimumVisualStudioVersion = 10.0.40219.1
Project("{FAE04EC0-301F-11D3-BF4B-00C04F79EFBC}") = "OperacoesTimeSpan", "OperacoesTimeSpan\OperacoesTimeSpan.csproj", "{3B1ABBD2-6C89-44D4-ABE2-D8D68D84AA03}"
EndProject
Global
	GlobalSection(SolutionConfigurationPlatforms) = preSolution
		Debug|Any CPU = Debug|Any CPU
		Release|Any CPU = Release|Any CPU
	EndGlobalSection
	GlobalSection(ProjectConfigurationPlatforms) = postSolution
		{3B1ABBD2-6C89-44D4-ABE2-D8D68D84AA03}.Debug|Any CPU.ActiveCfg = Debug|Any CPU
		{3B1ABBD2-6C89-44D4-ABE2-D8D68D84AA03}.Debug|Any CPU.Build.0 = Debug|Any CPU
		{3B1ABBD2-6C89-44D4-ABE2-D8D68D84AA03}.Release|Any CPU.ActiveCfg = Release|Any CPU
		{3B1ABBD2-6C89-44D4-ABE2-D8D68D84AA03}.Release|Any CPU.Build.0 = Release|Any CPU
	EndGlobalSection
	GlobalSection(SolutionProperties) = preSolution
		HideSolutionNode = FALSE
	EndGlobalSection
	GlobalSection(ExtensibilityGlobals) = postSolution
		SolutionGuid = {BD2D4E12-7FB0-4096-9E88-6A8C629D0C5A}
	EndGlobalSection
EndGlobal
