
Microsoft Visual Studio Solution File, Format Version 12.00
# Visual Studio Version 17
VisualStudioVersion = 17.7.34031.279
MinimumVisualStudioVersion = 10.0.40219.1
Project("{FAE04EC0-301F-11D3-BF4B-00C04F79EFBC}") = "Exmatrices", "Exmatrices\Exmatrices.csproj", "{CBA6FAD2-BC8B-4B9D-A814-BFA8BD95B201}"
EndProject
Global
	GlobalSection(SolutionConfigurationPlatforms) = preSolution
		Debug|Any CPU = Debug|Any CPU
		Release|Any CPU = Release|Any CPU
	EndGlobalSection
	GlobalSection(ProjectConfigurationPlatforms) = postSolution
		{CBA6FAD2-BC8B-4B9D-A814-BFA8BD95B201}.Debug|Any CPU.ActiveCfg = Debug|Any CPU
		{CBA6FAD2-BC8B-4B9D-A814-BFA8BD95B201}.Debug|Any CPU.Build.0 = Debug|Any CPU
		{CBA6FAD2-BC8B-4B9D-A814-BFA8BD95B201}.Release|Any CPU.ActiveCfg = Release|Any CPU
		{CBA6FAD2-BC8B-4B9D-A814-BFA8BD95B201}.Release|Any CPU.Build.0 = Release|Any CPU
	EndGlobalSection
	GlobalSection(SolutionProperties) = preSolution
		HideSolutionNode = FALSE
	EndGlobalSection
	GlobalSection(ExtensibilityGlobals) = postSolution
		SolutionGuid = {D5A1BC1C-1A6D-4C44-A6B7-616CA1AA4C74}
	EndGlobalSection
EndGlobal
