
Microsoft Visual Studio Solution File, Format Version 12.00
# Visual Studio Version 17
VisualStudioVersion = 17.7.34003.232
MinimumVisualStudioVersion = 10.0.40219.1
Project("{FAE04EC0-301F-11D3-BF4B-00C04F79EFBC}") = "tiposDedados", "tiposDedados\tiposDedados.csproj", "{14FEF3A1-E404-4227-8EBF-CC4658B2275A}"
EndProject
Global
	GlobalSection(SolutionConfigurationPlatforms) = preSolution
		Debug|Any CPU = Debug|Any CPU
		Release|Any CPU = Release|Any CPU
	EndGlobalSection
	GlobalSection(ProjectConfigurationPlatforms) = postSolution
		{14FEF3A1-E404-4227-8EBF-CC4658B2275A}.Debug|Any CPU.ActiveCfg = Debug|Any CPU
		{14FEF3A1-E404-4227-8EBF-CC4658B2275A}.Debug|Any CPU.Build.0 = Debug|Any CPU
		{14FEF3A1-E404-4227-8EBF-CC4658B2275A}.Release|Any CPU.ActiveCfg = Release|Any CPU
		{14FEF3A1-E404-4227-8EBF-CC4658B2275A}.Release|Any CPU.Build.0 = Release|Any CPU
	EndGlobalSection
	GlobalSection(SolutionProperties) = preSolution
		HideSolutionNode = FALSE
	EndGlobalSection
	GlobalSection(ExtensibilityGlobals) = postSolution
		SolutionGuid = {C1C00E33-4DEA-4D34-A159-E16345B200D1}
	EndGlobalSection
EndGlobal
