
Microsoft Visual Studio Solution File, Format Version 12.00
# Visual Studio Version 17
VisualStudioVersion = 17.7.34031.279
MinimumVisualStudioVersion = 10.0.40219.1
Project("{FAE04EC0-301F-11D3-BF4B-00C04F79EFBC}") = "operationWithDate", "operationWithDate\operationWithDate.csproj", "{77C219DF-A6C3-4672-BDE5-0D4538F43D75}"
EndProject
Global
	GlobalSection(SolutionConfigurationPlatforms) = preSolution
		Debug|Any CPU = Debug|Any CPU
		Release|Any CPU = Release|Any CPU
	EndGlobalSection
	GlobalSection(ProjectConfigurationPlatforms) = postSolution
		{77C219DF-A6C3-4672-BDE5-0D4538F43D75}.Debug|Any CPU.ActiveCfg = Debug|Any CPU
		{77C219DF-A6C3-4672-BDE5-0D4538F43D75}.Debug|Any CPU.Build.0 = Debug|Any CPU
		{77C219DF-A6C3-4672-BDE5-0D4538F43D75}.Release|Any CPU.ActiveCfg = Release|Any CPU
		{77C219DF-A6C3-4672-BDE5-0D4538F43D75}.Release|Any CPU.Build.0 = Release|Any CPU
	EndGlobalSection
	GlobalSection(SolutionProperties) = preSolution
		HideSolutionNode = FALSE
	EndGlobalSection
	GlobalSection(ExtensibilityGlobals) = postSolution
		SolutionGuid = {773DE1E8-81E7-42AB-B122-84F7E320E518}
	EndGlobalSection
EndGlobal
