
Microsoft Visual Studio Solution File, Format Version 12.00
# Visual Studio Version 17
VisualStudioVersion = 17.7.34003.232
MinimumVisualStudioVersion = 10.0.40219.1
Project("{FAE04EC0-301F-11D3-BF4B-00C04F79EFBC}") = "problemaEx2", "problemaEx2\problemaEx2.csproj", "{8FC2B5D6-AFA4-4BCA-A4BC-EAEA1BC39B29}"
EndProject
Global
	GlobalSection(SolutionConfigurationPlatforms) = preSolution
		Debug|Any CPU = Debug|Any CPU
		Release|Any CPU = Release|Any CPU
	EndGlobalSection
	GlobalSection(ProjectConfigurationPlatforms) = postSolution
		{8FC2B5D6-AFA4-4BCA-A4BC-EAEA1BC39B29}.Debug|Any CPU.ActiveCfg = Debug|Any CPU
		{8FC2B5D6-AFA4-4BCA-A4BC-EAEA1BC39B29}.Debug|Any CPU.Build.0 = Debug|Any CPU
		{8FC2B5D6-AFA4-4BCA-A4BC-EAEA1BC39B29}.Release|Any CPU.ActiveCfg = Release|Any CPU
		{8FC2B5D6-AFA4-4BCA-A4BC-EAEA1BC39B29}.Release|Any CPU.Build.0 = Release|Any CPU
	EndGlobalSection
	GlobalSection(SolutionProperties) = preSolution
		HideSolutionNode = FALSE
	EndGlobalSection
	GlobalSection(ExtensibilityGlobals) = postSolution
		SolutionGuid = {59ABF727-9F95-4742-A445-EB13DB1CD129}
	EndGlobalSection
EndGlobal
