
Microsoft Visual Studio Solution File, Format Version 12.00
# Visual Studio Version 17
VisualStudioVersion = 17.7.34003.232
MinimumVisualStudioVersion = 10.0.40219.1
Project("{FAE04EC0-301F-11D3-BF4B-00C04F79EFBC}") = "estruturaRepetitivaFor", "estruturaRepetitivaFor\estruturaRepetitivaFor.csproj", "{6E447688-4B8F-4739-89A5-3EA64F69CCE8}"
EndProject
Global
	GlobalSection(SolutionConfigurationPlatforms) = preSolution
		Debug|Any CPU = Debug|Any CPU
		Release|Any CPU = Release|Any CPU
	EndGlobalSection
	GlobalSection(ProjectConfigurationPlatforms) = postSolution
		{6E447688-4B8F-4739-89A5-3EA64F69CCE8}.Debug|Any CPU.ActiveCfg = Debug|Any CPU
		{6E447688-4B8F-4739-89A5-3EA64F69CCE8}.Debug|Any CPU.Build.0 = Debug|Any CPU
		{6E447688-4B8F-4739-89A5-3EA64F69CCE8}.Release|Any CPU.ActiveCfg = Release|Any CPU
		{6E447688-4B8F-4739-89A5-3EA64F69CCE8}.Release|Any CPU.Build.0 = Release|Any CPU
	EndGlobalSection
	GlobalSection(SolutionProperties) = preSolution
		HideSolutionNode = FALSE
	EndGlobalSection
	GlobalSection(ExtensibilityGlobals) = postSolution
		SolutionGuid = {687F043C-96C3-46B1-A552-70AF416CB785}
	EndGlobalSection
EndGlobal
