
Microsoft Visual Studio Solution File, Format Version 12.00
# Visual Studio Version 17
VisualStudioVersion = 17.7.34031.279
MinimumVisualStudioVersion = 10.0.40219.1
Project("{FAE04EC0-301F-11D3-BF4B-00C04F79EFBC}") = "Nullable", "Nullable\Nullable.csproj", "{0E33B423-7182-4E68-931E-431147EDEF41}"
EndProject
Global
	GlobalSection(SolutionConfigurationPlatforms) = preSolution
		Debug|Any CPU = Debug|Any CPU
		Release|Any CPU = Release|Any CPU
	EndGlobalSection
	GlobalSection(ProjectConfigurationPlatforms) = postSolution
		{0E33B423-7182-4E68-931E-431147EDEF41}.Debug|Any CPU.ActiveCfg = Debug|Any CPU
		{0E33B423-7182-4E68-931E-431147EDEF41}.Debug|Any CPU.Build.0 = Debug|Any CPU
		{0E33B423-7182-4E68-931E-431147EDEF41}.Release|Any CPU.ActiveCfg = Release|Any CPU
		{0E33B423-7182-4E68-931E-431147EDEF41}.Release|Any CPU.Build.0 = Release|Any CPU
	EndGlobalSection
	GlobalSection(SolutionProperties) = preSolution
		HideSolutionNode = FALSE
	EndGlobalSection
	GlobalSection(ExtensibilityGlobals) = postSolution
		SolutionGuid = {31F2F5A7-0B8D-4B88-A62B-D4CA599AFB3C}
	EndGlobalSection
EndGlobal
