
Microsoft Visual Studio Solution File, Format Version 12.00
Project("{FAE04EC0-301F-11D3-BF4B-00C04F79EFBC}") = "Queues", "Queues.csproj", "{355A85B3-70BA-4B00-BFC1-188A990D7DD9}"
EndProject
Global
	GlobalSection(SolutionConfigurationPlatforms) = preSolution
		Debug|Any CPU = Debug|Any CPU
		Release|Any CPU = Release|Any CPU
	EndGlobalSection
	GlobalSection(ProjectConfigurationPlatforms) = postSolution
		{355A85B3-70BA-4B00-BFC1-188A990D7DD9}.Debug|Any CPU.ActiveCfg = Debug|Any CPU
		{355A85B3-70BA-4B00-BFC1-188A990D7DD9}.Debug|Any CPU.Build.0 = Debug|Any CPU
		{355A85B3-70BA-4B00-BFC1-188A990D7DD9}.Release|Any CPU.ActiveCfg = Release|Any CPU
		{355A85B3-70BA-4B00-BFC1-188A990D7DD9}.Release|Any CPU.Build.0 = Release|Any CPU
	EndGlobalSection
EndGlobal
