
Microsoft Visual Studio Solution File, Format Version 12.00
# Visual Studio Version 17
VisualStudioVersion = 17.7.34003.232
MinimumVisualStudioVersion = 10.0.40219.1
Project("{FAE04EC0-301F-11D3-BF4B-00C04F79EFBC}") = "OperadoresComparativos", "OperadoresComparativos\OperadoresComparativos.csproj", "{A76CF6D6-6FA5-4A89-841D-AE2A2448DF5D}"
EndProject
Global
	GlobalSection(SolutionConfigurationPlatforms) = preSolution
		Debug|Any CPU = Debug|Any CPU
		Release|Any CPU = Release|Any CPU
	EndGlobalSection
	GlobalSection(ProjectConfigurationPlatforms) = postSolution
		{A76CF6D6-6FA5-4A89-841D-AE2A2448DF5D}.Debug|Any CPU.ActiveCfg = Debug|Any CPU
		{A76CF6D6-6FA5-4A89-841D-AE2A2448DF5D}.Debug|Any CPU.Build.0 = Debug|Any CPU
		{A76CF6D6-6FA5-4A89-841D-AE2A2448DF5D}.Release|Any CPU.ActiveCfg = Release|Any CPU
		{A76CF6D6-6FA5-4A89-841D-AE2A2448DF5D}.Release|Any CPU.Build.0 = Release|Any CPU
	EndGlobalSection
	GlobalSection(SolutionProperties) = preSolution
		HideSolutionNode = FALSE
	EndGlobalSection
	GlobalSection(ExtensibilityGlobals) = postSolution
		SolutionGuid = {7F7DE1A3-CBB7-45CE-BB97-E3452202491D}
	EndGlobalSection
EndGlobal
