
Microsoft Visual Studio Solution File, Format Version 12.00
# Visual Studio Version 17
VisualStudioVersion = 17.7.34031.279
MinimumVisualStudioVersion = 10.0.40219.1
Project("{FAE04EC0-301F-11D3-BF4B-00C04F79EFBC}") = "ExDemoBuilder", "ExDemoBuilder\ExDemoBuilder.csproj", "{EBF33569-0130-4AD4-897A-A481FAAB5907}"
EndProject
Global
	GlobalSection(SolutionConfigurationPlatforms) = preSolution
		Debug|Any CPU = Debug|Any CPU
		Release|Any CPU = Release|Any CPU
	EndGlobalSection
	GlobalSection(ProjectConfigurationPlatforms) = postSolution
		{EBF33569-0130-4AD4-897A-A481FAAB5907}.Debug|Any CPU.ActiveCfg = Debug|Any CPU
		{EBF33569-0130-4AD4-897A-A481FAAB5907}.Debug|Any CPU.Build.0 = Debug|Any CPU
		{EBF33569-0130-4AD4-897A-A481FAAB5907}.Release|Any CPU.ActiveCfg = Release|Any CPU
		{EBF33569-0130-4AD4-897A-A481FAAB5907}.Release|Any CPU.Build.0 = Release|Any CPU
	EndGlobalSection
	GlobalSection(SolutionProperties) = preSolution
		HideSolutionNode = FALSE
	EndGlobalSection
	GlobalSection(ExtensibilityGlobals) = postSolution
		SolutionGuid = {700A8142-CE02-4444-A7B1-AF83106CA65A}
	EndGlobalSection
EndGlobal
